
Microsoft Visual Studio Solution File, Format Version 12.00
# Visual Studio 2013
VisualStudioVersion = 12.0.40629.0
MinimumVisualStudioVersion = 10.0.40219.1
Project("{FAE04EC0-301F-11D3-BF4B-00C04F79EFBC}") = "BB1", "BB1\BB1.csproj", "{9FA04602-67BE-49C6-B028-0CB1381C06EC}"
EndProject
Project("{FAE04EC0-301F-11D3-BF4B-00C04F79EFBC}") = "BB1.Tests", "BB1.Tests\BB1.Tests.csproj", "{B58157FA-1EA5-4285-AF5A-488428B6CB9B}"
EndProject
Global
	GlobalSection(SolutionConfigurationPlatforms) = preSolution
		Debug|Any CPU = Debug|Any CPU
		Release|Any CPU = Release|Any CPU
	EndGlobalSection
	GlobalSection(ProjectConfigurationPlatforms) = postSolution
		{9FA04602-67BE-49C6-B028-0CB1381C06EC}.Debug|Any CPU.ActiveCfg = Debug|Any CPU
		{9FA04602-67BE-49C6-B028-0CB1381C06EC}.Debug|Any CPU.Build.0 = Debug|Any CPU
		{9FA04602-67BE-49C6-B028-0CB1381C06EC}.Release|Any CPU.ActiveCfg = Release|Any CPU
		{9FA04602-67BE-49C6-B028-0CB1381C06EC}.Release|Any CPU.Build.0 = Release|Any CPU
		{B58157FA-1EA5-4285-AF5A-488428B6CB9B}.Debug|Any CPU.ActiveCfg = Debug|Any CPU
		{B58157FA-1EA5-4285-AF5A-488428B6CB9B}.Debug|Any CPU.Build.0 = Debug|Any CPU
		{B58157FA-1EA5-4285-AF5A-488428B6CB9B}.Release|Any CPU.ActiveCfg = Release|Any CPU
		{B58157FA-1EA5-4285-AF5A-488428B6CB9B}.Release|Any CPU.Build.0 = Release|Any CPU
	EndGlobalSection
	GlobalSection(SolutionProperties) = preSolution
		HideSolutionNode = FALSE
	EndGlobalSection
EndGlobal
